{"1.2.0",
[{<<"argparse">>,{pkg,<<"argparse">>,<<"1.2.4">>},1},
 {<<"color">>,{pkg,<<"erlang_color">>,<<"1.0.0">>},1},
 {<<"erlperf">>,{pkg,<<"erlperf">>,<<"2.0.2">>},0},
 {<<"parse_trans">>,{pkg,<<"parse_trans">>,<<"3.4.1">>},0},
 {<<"redbug">>,{pkg,<<"redbug">>,<<"2.0.7">>},0},
 {<<"tdiff">>,{pkg,<<"tdiff">>,<<"0.1.2">>},1},
 {<<"unite">>,{pkg,<<"unite">>,<<"0.4.0">>},0}]}.
[
{pkg_hash,[
 {<<"argparse">>, <<"A31E7C5D9F8814AFCD9B42C1B98C21DA6F851F93F2C8C00C107F6201668A0A7D">>},
 {<<"color">>, <<"145FE1D2E65C4516E4F03FEFCA6C2F47EBAD5899D978D70382A5CFE643E4AC9E">>},
 {<<"erlperf">>, <<"0D01695930C85CDDCD83C6E151A59555EF5B514B98A450DAFE90A5FA13556CB2">>},
 {<<"parse_trans">>, <<"6E6AA8167CB44CC8F39441D05193BE6E6F4E7C2946CB2759F015F8C56B76E5FF">>},
 {<<"redbug">>, <<"40F477681E4957A1EBCE19B23A9B53CD8113DA6133014C506E3E194A6E4FFC89">>},
 {<<"tdiff">>, <<"4E1B30321F1B3D600DF65CD60858EDE1235FE4E5EE042110AB5AD90CD6464AC5">>},
 {<<"unite">>, <<"47B07B58E0EC61BC739792F481948A132E6DDA5CF118283A5CC830985BC45750">>}]},
{pkg_hash_ext,[
 {<<"argparse">>, <<"AC6FDB7183EA20ADEB7EB66E34B21F2E8C4C6925913EE0C0765D339D97009FFE">>},
 {<<"color">>, <<"6B17E5E589C8FEF540574C9EA32B67CEC2C8A44283AAFE474D6E5818FB3EE038">>},
 {<<"erlperf">>, <<"9DE77E82AA516BD3F8F9E854F3944E5BE98CC12CD412ED7B9392DE31FB2AD330">>},
 {<<"parse_trans">>, <<"620A406CE75DADA827B82E453C19CF06776BE266F5A67CFF34E1EF2CBB60E49A">>},
 {<<"redbug">>, <<"3624FEB7A4B78FD9AE0E66CC3158FE7422770AD6987A1EBF8DF4D3303B1C4B0C">>},
 {<<"tdiff">>, <<"E0C2E168F99252A5889768D5C8F1E6510A184592D4CFA06B22778A18D33D7875">>},
 {<<"unite">>, <<"91977DB3F3164110D6B2B26EB81C25E75C5EA1A045E4C1C4FA3A60B9E84E4EBE">>}]}
].
