{"1.2.0",
[{<<"color">>,{pkg,<<"erlang_color">>,<<"1.0.0">>},1},
 {<<"parse_trans">>,{pkg,<<"parse_trans">>,<<"3.4.1">>},0},
 {<<"tdiff">>,{pkg,<<"tdiff">>,<<"0.1.2">>},1},
 {<<"unite">>,{pkg,<<"unite">>,<<"0.4.0">>},0}]}.
[
{pkg_hash,[
 {<<"color">>, <<"145FE1D2E65C4516E4F03FEFCA6C2F47EBAD5899D978D70382A5CFE643E4AC9E">>},
 {<<"parse_trans">>, <<"6E6AA8167CB44CC8F39441D05193BE6E6F4E7C2946CB2759F015F8C56B76E5FF">>},
 {<<"tdiff">>, <<"4E1B30321F1B3D600DF65CD60858EDE1235FE4E5EE042110AB5AD90CD6464AC5">>},
 {<<"unite">>, <<"47B07B58E0EC61BC739792F481948A132E6DDA5CF118283A5CC830985BC45750">>}]},
{pkg_hash_ext,[
 {<<"color">>, <<"6B17E5E589C8FEF540574C9EA32B67CEC2C8A44283AAFE474D6E5818FB3EE038">>},
 {<<"parse_trans">>, <<"620A406CE75DADA827B82E453C19CF06776BE266F5A67CFF34E1EF2CBB60E49A">>},
 {<<"tdiff">>, <<"E0C2E168F99252A5889768D5C8F1E6510A184592D4CFA06B22778A18D33D7875">>},
 {<<"unite">>, <<"91977DB3F3164110D6B2B26EB81C25E75C5EA1A045E4C1C4FA3A60B9E84E4EBE">>}]}
].
